
Microsoft Visual Studio Solution File, Format Version 12.00
# Visual Studio Version 16
VisualStudioVersion = 16.0.30204.135
MinimumVisualStudioVersion = 10.0.40219.1
Project("{FAE04EC0-301F-11D3-BF4B-00C04F79EFBC}") = "BlazerTestApp", "BlazerTestApp\BlazerTestApp.csproj", "{1234FED6-AB33-48E4-942E-B3C39FBBEA29}"
EndProject
Global
	GlobalSection(SolutionConfigurationPlatforms) = preSolution
		Debug|Any CPU = Debug|Any CPU
		Release|Any CPU = Release|Any CPU
	EndGlobalSection
	GlobalSection(ProjectConfigurationPlatforms) = postSolution
		{1234FED6-AB33-48E4-942E-B3C39FBBEA29}.Debug|Any CPU.ActiveCfg = Debug|Any CPU
		{1234FED6-AB33-48E4-942E-B3C39FBBEA29}.Debug|Any CPU.Build.0 = Debug|Any CPU
		{1234FED6-AB33-48E4-942E-B3C39FBBEA29}.Release|Any CPU.ActiveCfg = Release|Any CPU
		{1234FED6-AB33-48E4-942E-B3C39FBBEA29}.Release|Any CPU.Build.0 = Release|Any CPU
	EndGlobalSection
	GlobalSection(SolutionProperties) = preSolution
		HideSolutionNode = FALSE
	EndGlobalSection
	GlobalSection(ExtensibilityGlobals) = postSolution
		SolutionGuid = {32374965-CCC0-474C-A656-09B060B075A2}
	EndGlobalSection
EndGlobal
